
Microsoft Visual Studio Solution File, Format Version 12.00
# Visual Studio Version 16
VisualStudioVersion = 16.0.31019.35
MinimumVisualStudioVersion = 10.0.40219.1
Project("{FAE04EC0-301F-11D3-BF4B-00C04F79EFBC}") = "GameProjectDemo", "GameProjectDemo\GameProjectDemo.csproj", "{697D9187-2172-46A5-B7A1-EA784D88A61D}"
EndProject
Global
	GlobalSection(SolutionConfigurationPlatforms) = preSolution
		Debug|Any CPU = Debug|Any CPU
		Release|Any CPU = Release|Any CPU
	EndGlobalSection
	GlobalSection(ProjectConfigurationPlatforms) = postSolution
		{697D9187-2172-46A5-B7A1-EA784D88A61D}.Debug|Any CPU.ActiveCfg = Debug|Any CPU
		{697D9187-2172-46A5-B7A1-EA784D88A61D}.Debug|Any CPU.Build.0 = Debug|Any CPU
		{697D9187-2172-46A5-B7A1-EA784D88A61D}.Release|Any CPU.ActiveCfg = Release|Any CPU
		{697D9187-2172-46A5-B7A1-EA784D88A61D}.Release|Any CPU.Build.0 = Release|Any CPU
	EndGlobalSection
	GlobalSection(SolutionProperties) = preSolution
		HideSolutionNode = FALSE
	EndGlobalSection
	GlobalSection(ExtensibilityGlobals) = postSolution
		SolutionGuid = {51A4EA02-25D6-4175-A162-378B272DCD5A}
	EndGlobalSection
EndGlobal
